<?xml version="1.0" encoding="utf-8"?>
<Project ToolsVersion="4.0" xmlns="http://schemas.microsoft.com/developer/msbuild/2003">
  <ItemGroup>
    <Filter Include="Source Files">
      <UniqueIdentifier>{4FC737F1-C7A5-4376-A066-2A32D752A2FF}</UniqueIdentifier>
      <Extensions>cpp;c;cc;cxx;c++;cppm;ixx;def;odl;idl;hpj;bat;asm;asmx</Extensions>
    </Filter>
    <Filter Include="Header Files">
      <UniqueIdentifier>{93995380-89BD-4b04-88EB-625FBE52EBFB}</UniqueIdentifier>
      <Extensions>h;hh;hpp;hxx;h++;hm;inl;inc;ipp;xsd</Extensions>
    </Filter>
    <Filter Include="Resource Files">
      <UniqueIdentifier>{67DA6AB6-F800-4c08-8B7A-83BB121AAD01}</UniqueIdentifier>
      <Extensions>rc;ico;cur;bmp;dlg;rc2;rct;bin;rgs;gif;jpg;jpeg;jpe;resx;tiff;tif;png;wav;mfcribbon-ms</Extensions>
    </Filter>
  </ItemGroup>
  <ItemGroup>
    <ClInclude Include="Game.h">
      <Filter>Header Files</Filter>
    </ClInclude>
    <ClInclude Include="GameObject.h">
      <Filter>Header Files</Filter>
    </ClInclude>
    <ClInclude Include="Sprites.h">
      <Filter>Header Files</Filter>
    </ClInclude>
    <ClInclude Include="Textures.h">
      <Filter>Header Files</Filter>
    </ClInclude>
    <ClInclude Include="Mario.h">
      <Filter>Header Files</Filter>
    </ClInclude>
    <ClInclude Include="Goomba.h">
      <Filter>Header Files</Filter>
    </ClInclude>
    <ClInclude Include="Brick.h">
      <Filter>Header Files</Filter>
    </ClInclude>
    <ClInclude Include="KoopaTroopa.h">
      <Filter>Header Files</Filter>
    </ClInclude>
    <ClInclude Include="Enemy.h">
      <Filter>Header Files</Filter>
    </ClInclude>
    <ClInclude Include="Map.h">
      <Filter>Header Files</Filter>
    </ClInclude>
    <ClInclude Include="Animations.h">
      <Filter>Header Files</Filter>
    </ClInclude>
    <ClInclude Include="Utils.h">
      <Filter>Header Files</Filter>
    </ClInclude>
    <ClInclude Include="KeyEventHandler.h">
      <Filter>Header Files</Filter>
    </ClInclude>
    <ClInclude Include="PlayScene.h">
      <Filter>Header Files</Filter>
    </ClInclude>
    <ClInclude Include="Scene.h">
      <Filter>Header Files</Filter>
    </ClInclude>
    <ClInclude Include="Ground.h">
      <Filter>Header Files</Filter>
    </ClInclude>
    <ClInclude Include="Block.h">
      <Filter>Header Files</Filter>
    </ClInclude>
    <ClInclude Include="Pipe.h">
      <Filter>Header Files</Filter>
    </ClInclude>
    <ClInclude Include="FireBall.h">
      <Filter>Header Files</Filter>
    </ClInclude>
    <ClInclude Include="PiranhaPlant.h">
      <Filter>Header Files</Filter>
    </ClInclude>
    <ClInclude Include="Define.h">
      <Filter>Header Files</Filter>
    </ClInclude>
    <ClInclude Include="Coin.h">
      <Filter>Header Files</Filter>
    </ClInclude>
    <ClInclude Include="FirePiranhaPlant.h">
      <Filter>Header Files</Filter>
    </ClInclude>
    <ClInclude Include="FirePlantBullet.h">
      <Filter>Header Files</Filter>
    </ClInclude>
    <ClInclude Include="RaccoonLeaf.h">
      <Filter>Header Files</Filter>
    </ClInclude>
    <ClInclude Include="Mushroom.h">
      <Filter>Header Files</Filter>
    </ClInclude>
    <ClInclude Include="Item.h">
      <Filter>Header Files</Filter>
    </ClInclude>
    <ClInclude Include="PSwitch.h">
      <Filter>Header Files</Filter>
    </ClInclude>
    <ClInclude Include="Grid.h">
      <Filter>Header Files</Filter>
    </ClInclude>
    <ClInclude Include="KoopaParaTroopa.h">
      <Filter>Header Files</Filter>
    </ClInclude>
    <ClInclude Include="ParaGoomba.h">
      <Filter>Header Files</Filter>
    </ClInclude>
    <ClInclude Include="Hud.h">
      <Filter>Header Files</Filter>
    </ClInclude>
    <ClInclude Include="PowerMelter.h">
      <Filter>Header Files</Filter>
    </ClInclude>
    <ClInclude Include="Font.h">
      <Filter>Header Files</Filter>
    </ClInclude>
    <ClInclude Include="PointEffect.h">
      <Filter>Header Files</Filter>
    </ClInclude>
    <ClInclude Include="HitEffect.h">
      <Filter>Header Files</Filter>
    </ClInclude>
    <ClInclude Include="Portal.h">
      <Filter>Header Files</Filter>
    </ClInclude>
    <ClInclude Include="RaccoonTail.h">
      <Filter>Header Files</Filter>
    </ClInclude>
    <ClInclude Include="WorldMap.h">
      <Filter>Header Files</Filter>
    </ClInclude>
  </ItemGroup>
  <ItemGroup>
    <ClCompile Include="Game.cpp">
      <Filter>Source Files</Filter>
    </ClCompile>
    <ClCompile Include="GameObject.cpp">
      <Filter>Source Files</Filter>
    </ClCompile>
    <ClCompile Include="Sprites.cpp">
      <Filter>Source Files</Filter>
    </ClCompile>
    <ClCompile Include="Textures.cpp">
      <Filter>Source Files</Filter>
    </ClCompile>
    <ClCompile Include="Mario.cpp">
      <Filter>Source Files</Filter>
    </ClCompile>
    <ClCompile Include="Goomba.cpp">
      <Filter>Source Files</Filter>
    </ClCompile>
    <ClCompile Include="Brick.cpp">
      <Filter>Source Files</Filter>
    </ClCompile>
    <ClCompile Include="main.cpp">
      <Filter>Source Files</Filter>
    </ClCompile>
    <ClCompile Include="KoopaTroopa.cpp">
      <Filter>Source Files</Filter>
    </ClCompile>
    <ClCompile Include="Enemy.cpp">
      <Filter>Source Files</Filter>
    </ClCompile>
    <ClCompile Include="Map.cpp">
      <Filter>Source Files</Filter>
    </ClCompile>
    <ClCompile Include="Animations.cpp">
      <Filter>Source Files</Filter>
    </ClCompile>
    <ClCompile Include="Utils.cpp">
      <Filter>Source Files</Filter>
    </ClCompile>
    <ClCompile Include="PlayScene.cpp">
      <Filter>Source Files</Filter>
    </ClCompile>
    <ClCompile Include="Scene.cpp">
      <Filter>Source Files</Filter>
    </ClCompile>
    <ClCompile Include="Ground.cpp">
      <Filter>Source Files</Filter>
    </ClCompile>
    <ClCompile Include="Block.cpp">
      <Filter>Source Files</Filter>
    </ClCompile>
    <ClCompile Include="Pipe.cpp">
      <Filter>Source Files</Filter>
    </ClCompile>
    <ClCompile Include="FireBall.cpp">
      <Filter>Source Files</Filter>
    </ClCompile>
    <ClCompile Include="PiranhaPlant.cpp">
      <Filter>Source Files</Filter>
    </ClCompile>
    <ClCompile Include="Coin.cpp">
      <Filter>Source Files</Filter>
    </ClCompile>
    <ClCompile Include="FirePiranhaPlant.cpp">
      <Filter>Source Files</Filter>
    </ClCompile>
    <ClCompile Include="FirePlantBullet.cpp">
      <Filter>Source Files</Filter>
    </ClCompile>
    <ClCompile Include="RaccoonLeaf.cpp">
      <Filter>Source Files</Filter>
    </ClCompile>
    <ClCompile Include="Mushroom.cpp">
      <Filter>Source Files</Filter>
    </ClCompile>
    <ClCompile Include="Item.cpp">
      <Filter>Source Files</Filter>
    </ClCompile>
    <ClCompile Include="PSwitch.cpp">
      <Filter>Source Files</Filter>
    </ClCompile>
    <ClCompile Include="Grid.cpp">
      <Filter>Source Files</Filter>
    </ClCompile>
    <ClCompile Include="KoopaParaTroopa.cpp">
      <Filter>Source Files</Filter>
    </ClCompile>
    <ClCompile Include="ParaGoomba.cpp">
      <Filter>Source Files</Filter>
    </ClCompile>
    <ClCompile Include="Hud.cpp">
      <Filter>Source Files</Filter>
    </ClCompile>
    <ClCompile Include="PowerMelter.cpp">
      <Filter>Source Files</Filter>
    </ClCompile>
    <ClCompile Include="Font.cpp">
      <Filter>Source Files</Filter>
    </ClCompile>
    <ClCompile Include="PointEffect.cpp">
      <Filter>Source Files</Filter>
    </ClCompile>
    <ClCompile Include="HitEffect.cpp">
      <Filter>Source Files</Filter>
    </ClCompile>
    <ClCompile Include="Portal.cpp">
      <Filter>Source Files</Filter>
    </ClCompile>
    <ClCompile Include="RaccoonTail.cpp">
      <Filter>Source Files</Filter>
    </ClCompile>
    <ClCompile Include="WorldMap.cpp">
      <Filter>Source Files</Filter>
    </ClCompile>
  </ItemGroup>
</Project>